
Microsoft Visual Studio Solution File, Format Version 12.00
# Visual Studio Version 17
VisualStudioVersion = 17.1.32414.318
MinimumVisualStudioVersion = 10.0.40219.1
Project("{FAE04EC0-301F-11D3-BF4B-00C04F79EFBC}") = "Program building block", "Program building block\Program building block.csproj", "{F9ECD7B1-A5E7-49BF-BD84-10CCC1A58027}"
EndProject
Global
	GlobalSection(SolutionConfigurationPlatforms) = preSolution
		Debug|Any CPU = Debug|Any CPU
		Release|Any CPU = Release|Any CPU
	EndGlobalSection
	GlobalSection(ProjectConfigurationPlatforms) = postSolution
		{F9ECD7B1-A5E7-49BF-BD84-10CCC1A58027}.Debug|Any CPU.ActiveCfg = Debug|Any CPU
		{F9ECD7B1-A5E7-49BF-BD84-10CCC1A58027}.Debug|Any CPU.Build.0 = Debug|Any CPU
		{F9ECD7B1-A5E7-49BF-BD84-10CCC1A58027}.Release|Any CPU.ActiveCfg = Release|Any CPU
		{F9ECD7B1-A5E7-49BF-BD84-10CCC1A58027}.Release|Any CPU.Build.0 = Release|Any CPU
	EndGlobalSection
	GlobalSection(SolutionProperties) = preSolution
		HideSolutionNode = FALSE
	EndGlobalSection
	GlobalSection(ExtensibilityGlobals) = postSolution
		SolutionGuid = {080A717D-3643-4FB1-AA95-221829D890E8}
	EndGlobalSection
EndGlobal
